
Microsoft Visual Studio Solution File, Format Version 12.00
# Visual Studio 2013
VisualStudioVersion = 12.0.30723.0
MinimumVisualStudioVersion = 10.0.40219.1
Project("{FAE04EC0-301F-11D3-BF4B-00C04F79EFBC}") = "PontoOnline.Dominio", "PontoOnline.Dominio\PontoOnline.Dominio.csproj", "{68DABCE7-1320-47D9-AFAD-424C4090D143}"
EndProject
Project("{FAE04EC0-301F-11D3-BF4B-00C04F79EFBC}") = "PontoOnline.Negocio", "PontoOnline.Negocio\PontoOnline.Negocio.csproj", "{953A382A-ECA6-4598-ADDB-3AB90F3E9756}"
EndProject
Project("{FAE04EC0-301F-11D3-BF4B-00C04F79EFBC}") = "PontoOnline.Interface", "PontoOnline.Interface\PontoOnline.Interface.csproj", "{393327E1-0C56-4B65-9860-E38F7C5A16C7}"
EndProject
Project("{FAE04EC0-301F-11D3-BF4B-00C04F79EFBC}") = "PontoOnline.UTeste", "PontoOnline.UTeste\PontoOnline.UTeste.csproj", "{4FB1863F-5231-4C44-BFCC-3D37A28FB23E}"
EndProject
Global
	GlobalSection(SolutionConfigurationPlatforms) = preSolution
		Debug|Any CPU = Debug|Any CPU
		Release|Any CPU = Release|Any CPU
	EndGlobalSection
	GlobalSection(ProjectConfigurationPlatforms) = postSolution
		{68DABCE7-1320-47D9-AFAD-424C4090D143}.Debug|Any CPU.ActiveCfg = Debug|Any CPU
		{68DABCE7-1320-47D9-AFAD-424C4090D143}.Debug|Any CPU.Build.0 = Debug|Any CPU
		{68DABCE7-1320-47D9-AFAD-424C4090D143}.Release|Any CPU.ActiveCfg = Release|Any CPU
		{68DABCE7-1320-47D9-AFAD-424C4090D143}.Release|Any CPU.Build.0 = Release|Any CPU
		{953A382A-ECA6-4598-ADDB-3AB90F3E9756}.Debug|Any CPU.ActiveCfg = Debug|Any CPU
		{953A382A-ECA6-4598-ADDB-3AB90F3E9756}.Debug|Any CPU.Build.0 = Debug|Any CPU
		{953A382A-ECA6-4598-ADDB-3AB90F3E9756}.Release|Any CPU.ActiveCfg = Release|Any CPU
		{953A382A-ECA6-4598-ADDB-3AB90F3E9756}.Release|Any CPU.Build.0 = Release|Any CPU
		{393327E1-0C56-4B65-9860-E38F7C5A16C7}.Debug|Any CPU.ActiveCfg = Debug|Any CPU
		{393327E1-0C56-4B65-9860-E38F7C5A16C7}.Debug|Any CPU.Build.0 = Debug|Any CPU
		{393327E1-0C56-4B65-9860-E38F7C5A16C7}.Release|Any CPU.ActiveCfg = Release|Any CPU
		{393327E1-0C56-4B65-9860-E38F7C5A16C7}.Release|Any CPU.Build.0 = Release|Any CPU
		{4FB1863F-5231-4C44-BFCC-3D37A28FB23E}.Debug|Any CPU.ActiveCfg = Debug|Any CPU
		{4FB1863F-5231-4C44-BFCC-3D37A28FB23E}.Debug|Any CPU.Build.0 = Debug|Any CPU
		{4FB1863F-5231-4C44-BFCC-3D37A28FB23E}.Release|Any CPU.ActiveCfg = Release|Any CPU
		{4FB1863F-5231-4C44-BFCC-3D37A28FB23E}.Release|Any CPU.Build.0 = Release|Any CPU
	EndGlobalSection
	GlobalSection(SolutionProperties) = preSolution
		HideSolutionNode = FALSE
	EndGlobalSection
EndGlobal
